// !$*UTF8*$!
{
	archiveVersion = 1;
	classes = {
	};
	objectVersion = 56;
	objects = {

/* Begin PBXBuildFile section */
		336A2DCF0C4E639D28F95F79 /* Pods_WiCSE_Shadowing_Project_WiCSE_Shadowing_ProjectUITests.framework in Frameworks */ = {isa = PBXBuildFile; fileRef = 1957E9BD1933619057D287B8 /* Pods_WiCSE_Shadowing_Project_WiCSE_Shadowing_ProjectUITests.framework */; };
		441CA5B829D5A4F80034CA43 /* FirebaseDatabase in Frameworks */ = {isa = PBXBuildFile; productRef = 441CA5B729D5A4F80034CA43 /* FirebaseDatabase */; };
		441CA5BA29D5A50F0034CA43 /* FirebaseDatabaseSwift in Frameworks */ = {isa = PBXBuildFile; productRef = 441CA5B929D5A50F0034CA43 /* FirebaseDatabaseSwift */; };
		442B2E1F29B7E50D0058935F /* FirebaseFirestore in Frameworks */ = {isa = PBXBuildFile; productRef = 442B2E1E29B7E50D0058935F /* FirebaseFirestore */; };
		442B2E2129B7E53E0058935F /* FirebaseFirestoreSwift in Frameworks */ = {isa = PBXBuildFile; productRef = 442B2E2029B7E53E0058935F /* FirebaseFirestoreSwift */; };
		442B2E2529B7EED40058935F /* ViewController.swift in Sources */ = {isa = PBXBuildFile; fileRef = 442B2E2429B7EED40058935F /* ViewController.swift */; };
		446FC7A629D3FD0200CAD351 /* uploadWorkoutViewController.swift in Sources */ = {isa = PBXBuildFile; fileRef = 446FC7A529D3FD0200CAD351 /* uploadWorkoutViewController.swift */; };
		5D8D3E0F29B712D800E59D4D /* AppDelegate.swift in Sources */ = {isa = PBXBuildFile; fileRef = 5D8D3E0E29B712D800E59D4D /* AppDelegate.swift */; };
		5D8D3E1129B712D800E59D4D /* SceneDelegate.swift in Sources */ = {isa = PBXBuildFile; fileRef = 5D8D3E1029B712D800E59D4D /* SceneDelegate.swift */; };
		5D8D3E1629B712D800E59D4D /* Main.storyboard in Resources */ = {isa = PBXBuildFile; fileRef = 5D8D3E1429B712D800E59D4D /* Main.storyboard */; };
		5D8D3E1829B712D900E59D4D /* Assets.xcassets in Resources */ = {isa = PBXBuildFile; fileRef = 5D8D3E1729B712D900E59D4D /* Assets.xcassets */; };
		5D8D3E1B29B712D900E59D4D /* LaunchScreen.storyboard in Resources */ = {isa = PBXBuildFile; fileRef = 5D8D3E1929B712D900E59D4D /* LaunchScreen.storyboard */; };
		5D8D3E2629B712D900E59D4D /* WiCSE_Shadowing_ProjectTests.swift in Sources */ = {isa = PBXBuildFile; fileRef = 5D8D3E2529B712D900E59D4D /* WiCSE_Shadowing_ProjectTests.swift */; };
		5D8D3E3029B712D900E59D4D /* WiCSE_Shadowing_ProjectUITests.swift in Sources */ = {isa = PBXBuildFile; fileRef = 5D8D3E2F29B712D900E59D4D /* WiCSE_Shadowing_ProjectUITests.swift */; };
		5D8D3E3229B712D900E59D4D /* WiCSE_Shadowing_ProjectUITestsLaunchTests.swift in Sources */ = {isa = PBXBuildFile; fileRef = 5D8D3E3129B712D900E59D4D /* WiCSE_Shadowing_ProjectUITestsLaunchTests.swift */; };
		5D8D3E4129B7136600E59D4D /* LoginViewController.swift in Sources */ = {isa = PBXBuildFile; fileRef = 5D8D3E3F29B7136600E59D4D /* LoginViewController.swift */; };
		5D8D3E4229B7136600E59D4D /* CreateAccountViewController.swift in Sources */ = {isa = PBXBuildFile; fileRef = 5D8D3E4029B7136600E59D4D /* CreateAccountViewController.swift */; };
		5D8D3E4429B713BF00E59D4D /* GoogleService-Info.plist in Resources */ = {isa = PBXBuildFile; fileRef = 5D8D3E4329B713BF00E59D4D /* GoogleService-Info.plist */; };
		5D8D3E4829B7198500E59D4D /* FirebaseAuth in Frameworks */ = {isa = PBXBuildFile; productRef = 5D8D3E4729B7198500E59D4D /* FirebaseAuth */; };
		5D8D3E4A29B7198500E59D4D /* FirebaseAuthCombine-Community in Frameworks */ = {isa = PBXBuildFile; productRef = 5D8D3E4929B7198500E59D4D /* FirebaseAuthCombine-Community */; };
		62F6FA531D5C9696D776AC15 /* Pods_WiCSE_Shadowing_ProjectTests.framework in Frameworks */ = {isa = PBXBuildFile; fileRef = 05414BC7AC922ABFC9812474 /* Pods_WiCSE_Shadowing_ProjectTests.framework */; };
		6A8C8C8197434217C7B6D70F /* Pods_WiCSE_Shadowing_Project.framework in Frameworks */ = {isa = PBXBuildFile; fileRef = 784C3F8F24D47C90CB167453 /* Pods_WiCSE_Shadowing_Project.framework */; };
/* End PBXBuildFile section */

/* Begin PBXContainerItemProxy section */
		5D8D3E2229B712D900E59D4D /* PBXContainerItemProxy */ = {
			isa = PBXContainerItemProxy;
			containerPortal = 5D8D3E0329B712D800E59D4D /* Project object */;
			proxyType = 1;
			remoteGlobalIDString = 5D8D3E0A29B712D800E59D4D;
			remoteInfo = "WiCSE Shadowing Project";
		};
		5D8D3E2C29B712D900E59D4D /* PBXContainerItemProxy */ = {
			isa = PBXContainerItemProxy;
			containerPortal = 5D8D3E0329B712D800E59D4D /* Project object */;
			proxyType = 1;
			remoteGlobalIDString = 5D8D3E0A29B712D800E59D4D;
			remoteInfo = "WiCSE Shadowing Project";
		};
/* End PBXContainerItemProxy section */

/* Begin PBXFileReference section */
		007421C8213AA64B0394134E /* Pods-WiCSE Shadowing Project.debug.xcconfig */ = {isa = PBXFileReference; includeInIndex = 1; lastKnownFileType = text.xcconfig; name = "Pods-WiCSE Shadowing Project.debug.xcconfig"; path = "Target Support Files/Pods-WiCSE Shadowing Project/Pods-WiCSE Shadowing Project.debug.xcconfig"; sourceTree = "<group>"; };
		05414BC7AC922ABFC9812474 /* Pods_WiCSE_Shadowing_ProjectTests.framework */ = {isa = PBXFileReference; explicitFileType = wrapper.framework; includeInIndex = 0; path = Pods_WiCSE_Shadowing_ProjectTests.framework; sourceTree = BUILT_PRODUCTS_DIR; };
		1957E9BD1933619057D287B8 /* Pods_WiCSE_Shadowing_Project_WiCSE_Shadowing_ProjectUITests.framework */ = {isa = PBXFileReference; explicitFileType = wrapper.framework; includeInIndex = 0; path = Pods_WiCSE_Shadowing_Project_WiCSE_Shadowing_ProjectUITests.framework; sourceTree = BUILT_PRODUCTS_DIR; };
		21CB719A79A5BE995AC75958 /* Pods-WiCSE Shadowing ProjectTests.debug.xcconfig */ = {isa = PBXFileReference; includeInIndex = 1; lastKnownFileType = text.xcconfig; name = "Pods-WiCSE Shadowing ProjectTests.debug.xcconfig"; path = "Target Support Files/Pods-WiCSE Shadowing ProjectTests/Pods-WiCSE Shadowing ProjectTests.debug.xcconfig"; sourceTree = "<group>"; };
		442B2E2429B7EED40058935F /* ViewController.swift */ = {isa = PBXFileReference; lastKnownFileType = sourcecode.swift; path = ViewController.swift; sourceTree = "<group>"; };
		446FC7A529D3FD0200CAD351 /* uploadWorkoutViewController.swift */ = {isa = PBXFileReference; lastKnownFileType = sourcecode.swift; path = uploadWorkoutViewController.swift; sourceTree = "<group>"; };
		5D8D3E0B29B712D800E59D4D /* WiCSE Shadowing Project.app */ = {isa = PBXFileReference; explicitFileType = wrapper.application; includeInIndex = 0; path = "WiCSE Shadowing Project.app"; sourceTree = BUILT_PRODUCTS_DIR; };
		5D8D3E0E29B712D800E59D4D /* AppDelegate.swift */ = {isa = PBXFileReference; lastKnownFileType = sourcecode.swift; path = AppDelegate.swift; sourceTree = "<group>"; };
		5D8D3E1029B712D800E59D4D /* SceneDelegate.swift */ = {isa = PBXFileReference; lastKnownFileType = sourcecode.swift; path = SceneDelegate.swift; sourceTree = "<group>"; };
		5D8D3E1529B712D800E59D4D /* Base */ = {isa = PBXFileReference; lastKnownFileType = file.storyboard; name = Base; path = Base.lproj/Main.storyboard; sourceTree = "<group>"; };
		5D8D3E1729B712D900E59D4D /* Assets.xcassets */ = {isa = PBXFileReference; lastKnownFileType = folder.assetcatalog; path = Assets.xcassets; sourceTree = "<group>"; };
		5D8D3E1A29B712D900E59D4D /* Base */ = {isa = PBXFileReference; lastKnownFileType = file.storyboard; name = Base; path = Base.lproj/LaunchScreen.storyboard; sourceTree = "<group>"; };
		5D8D3E1C29B712D900E59D4D /* Info.plist */ = {isa = PBXFileReference; lastKnownFileType = text.plist.xml; path = Info.plist; sourceTree = "<group>"; };
		5D8D3E2129B712D900E59D4D /* WiCSE Shadowing ProjectTests.xctest */ = {isa = PBXFileReference; explicitFileType = wrapper.cfbundle; includeInIndex = 0; path = "WiCSE Shadowing ProjectTests.xctest"; sourceTree = BUILT_PRODUCTS_DIR; };
		5D8D3E2529B712D900E59D4D /* WiCSE_Shadowing_ProjectTests.swift */ = {isa = PBXFileReference; lastKnownFileType = sourcecode.swift; path = WiCSE_Shadowing_ProjectTests.swift; sourceTree = "<group>"; };
		5D8D3E2B29B712D900E59D4D /* WiCSE Shadowing ProjectUITests.xctest */ = {isa = PBXFileReference; explicitFileType = wrapper.cfbundle; includeInIndex = 0; path = "WiCSE Shadowing ProjectUITests.xctest"; sourceTree = BUILT_PRODUCTS_DIR; };
		5D8D3E2F29B712D900E59D4D /* WiCSE_Shadowing_ProjectUITests.swift */ = {isa = PBXFileReference; lastKnownFileType = sourcecode.swift; path = WiCSE_Shadowing_ProjectUITests.swift; sourceTree = "<group>"; };
		5D8D3E3129B712D900E59D4D /* WiCSE_Shadowing_ProjectUITestsLaunchTests.swift */ = {isa = PBXFileReference; lastKnownFileType = sourcecode.swift; path = WiCSE_Shadowing_ProjectUITestsLaunchTests.swift; sourceTree = "<group>"; };
		5D8D3E3F29B7136600E59D4D /* LoginViewController.swift */ = {isa = PBXFileReference; fileEncoding = 4; lastKnownFileType = sourcecode.swift; path = LoginViewController.swift; sourceTree = "<group>"; };
		5D8D3E4029B7136600E59D4D /* CreateAccountViewController.swift */ = {isa = PBXFileReference; fileEncoding = 4; lastKnownFileType = sourcecode.swift; path = CreateAccountViewController.swift; sourceTree = "<group>"; };
		5D8D3E4329B713BF00E59D4D /* GoogleService-Info.plist */ = {isa = PBXFileReference; fileEncoding = 4; lastKnownFileType = text.plist.xml; path = "GoogleService-Info.plist"; sourceTree = "<group>"; };
		6AFAD41B89BA21BA3BA68022 /* Pods-WiCSE Shadowing Project-WiCSE Shadowing ProjectUITests.debug.xcconfig */ = {isa = PBXFileReference; includeInIndex = 1; lastKnownFileType = text.xcconfig; name = "Pods-WiCSE Shadowing Project-WiCSE Shadowing ProjectUITests.debug.xcconfig"; path = "Target Support Files/Pods-WiCSE Shadowing Project-WiCSE Shadowing ProjectUITests/Pods-WiCSE Shadowing Project-WiCSE Shadowing ProjectUITests.debug.xcconfig"; sourceTree = "<group>"; };
		784C3F8F24D47C90CB167453 /* Pods_WiCSE_Shadowing_Project.framework */ = {isa = PBXFileReference; explicitFileType = wrapper.framework; includeInIndex = 0; path = Pods_WiCSE_Shadowing_Project.framework; sourceTree = BUILT_PRODUCTS_DIR; };
		A59043FFD7C730FAAC136FAA /* Pods-WiCSE Shadowing ProjectTests.release.xcconfig */ = {isa = PBXFileReference; includeInIndex = 1; lastKnownFileType = text.xcconfig; name = "Pods-WiCSE Shadowing ProjectTests.release.xcconfig"; path = "Target Support Files/Pods-WiCSE Shadowing ProjectTests/Pods-WiCSE Shadowing ProjectTests.release.xcconfig"; sourceTree = "<group>"; };
		B025DC91267F52157A545A43 /* Pods-WiCSE Shadowing Project-WiCSE Shadowing ProjectUITests.release.xcconfig */ = {isa = PBXFileReference; includeInIndex = 1; lastKnownFileType = text.xcconfig; name = "Pods-WiCSE Shadowing Project-WiCSE Shadowing ProjectUITests.release.xcconfig"; path = "Target Support Files/Pods-WiCSE Shadowing Project-WiCSE Shadowing ProjectUITests/Pods-WiCSE Shadowing Project-WiCSE Shadowing ProjectUITests.release.xcconfig"; sourceTree = "<group>"; };
		E8AAAD4856243595E0B20E91 /* Pods-WiCSE Shadowing Project.release.xcconfig */ = {isa = PBXFileReference; includeInIndex = 1; lastKnownFileType = text.xcconfig; name = "Pods-WiCSE Shadowing Project.release.xcconfig"; path = "Target Support Files/Pods-WiCSE Shadowing Project/Pods-WiCSE Shadowing Project.release.xcconfig"; sourceTree = "<group>"; };
/* End PBXFileReference section */

/* Begin PBXFrameworksBuildPhase section */
		5D8D3E0829B712D800E59D4D /* Frameworks */ = {
			isa = PBXFrameworksBuildPhase;
			buildActionMask = 2147483647;
			files = (
				441CA5BA29D5A50F0034CA43 /* FirebaseDatabaseSwift in Frameworks */,
				441CA5B829D5A4F80034CA43 /* FirebaseDatabase in Frameworks */,
				5D8D3E4829B7198500E59D4D /* FirebaseAuth in Frameworks */,
				5D8D3E4A29B7198500E59D4D /* FirebaseAuthCombine-Community in Frameworks */,
				442B2E1F29B7E50D0058935F /* FirebaseFirestore in Frameworks */,
				442B2E2129B7E53E0058935F /* FirebaseFirestoreSwift in Frameworks */,
				6A8C8C8197434217C7B6D70F /* Pods_WiCSE_Shadowing_Project.framework in Frameworks */,
			);
			runOnlyForDeploymentPostprocessing = 0;
		};
		5D8D3E1E29B712D900E59D4D /* Frameworks */ = {
			isa = PBXFrameworksBuildPhase;
			buildActionMask = 2147483647;
			files = (
				62F6FA531D5C9696D776AC15 /* Pods_WiCSE_Shadowing_ProjectTests.framework in Frameworks */,
			);
			runOnlyForDeploymentPostprocessing = 0;
		};
		5D8D3E2829B712D900E59D4D /* Frameworks */ = {
			isa = PBXFrameworksBuildPhase;
			buildActionMask = 2147483647;
			files = (
				336A2DCF0C4E639D28F95F79 /* Pods_WiCSE_Shadowing_Project_WiCSE_Shadowing_ProjectUITests.framework in Frameworks */,
			);
			runOnlyForDeploymentPostprocessing = 0;
		};
/* End PBXFrameworksBuildPhase section */

/* Begin PBXGroup section */
		446FC7A729D4010800CAD351 /* DropDownCells */ = {
			isa = PBXGroup;
			children = (
			);
			path = DropDownCells;
			sourceTree = "<group>";
		};
		5D8D3E0229B712D800E59D4D = {
			isa = PBXGroup;
			children = (
				5D8D3E0D29B712D800E59D4D /* WiCSE Shadowing Project */,
				5D8D3E2429B712D900E59D4D /* WiCSE Shadowing ProjectTests */,
				5D8D3E2E29B712D900E59D4D /* WiCSE Shadowing ProjectUITests */,
				5D8D3E0C29B712D800E59D4D /* Products */,
				5D8D3E4629B7197100E59D4D /* Frameworks */,
				B381EE689D9D51646B6057F5 /* Pods */,
			);
			sourceTree = "<group>";
		};
		5D8D3E0C29B712D800E59D4D /* Products */ = {
			isa = PBXGroup;
			children = (
				5D8D3E0B29B712D800E59D4D /* WiCSE Shadowing Project.app */,
				5D8D3E2129B712D900E59D4D /* WiCSE Shadowing ProjectTests.xctest */,
				5D8D3E2B29B712D900E59D4D /* WiCSE Shadowing ProjectUITests.xctest */,
			);
			name = Products;
			sourceTree = "<group>";
		};
		5D8D3E0D29B712D800E59D4D /* WiCSE Shadowing Project */ = {
			isa = PBXGroup;
			children = (
				446FC7A729D4010800CAD351 /* DropDownCells */,
				5D8D3E0E29B712D800E59D4D /* AppDelegate.swift */,
				5D8D3E1029B712D800E59D4D /* SceneDelegate.swift */,
				5D8D3E3E29B7135C00E59D4D /* ViewControllers */,
				5D8D3E1729B712D900E59D4D /* Assets.xcassets */,
				5D8D3E1429B712D800E59D4D /* Main.storyboard */,
				5D8D3E1929B712D900E59D4D /* LaunchScreen.storyboard */,
				5D8D3E1C29B712D900E59D4D /* Info.plist */,
				5D8D3E4329B713BF00E59D4D /* GoogleService-Info.plist */,
			);
			path = "WiCSE Shadowing Project";
			sourceTree = "<group>";
		};
		5D8D3E2429B712D900E59D4D /* WiCSE Shadowing ProjectTests */ = {
			isa = PBXGroup;
			children = (
				5D8D3E2529B712D900E59D4D /* WiCSE_Shadowing_ProjectTests.swift */,
			);
			path = "WiCSE Shadowing ProjectTests";
			sourceTree = "<group>";
		};
		5D8D3E2E29B712D900E59D4D /* WiCSE Shadowing ProjectUITests */ = {
			isa = PBXGroup;
			children = (
				5D8D3E2F29B712D900E59D4D /* WiCSE_Shadowing_ProjectUITests.swift */,
				5D8D3E3129B712D900E59D4D /* WiCSE_Shadowing_ProjectUITestsLaunchTests.swift */,
			);
			path = "WiCSE Shadowing ProjectUITests";
			sourceTree = "<group>";
		};
		5D8D3E3E29B7135C00E59D4D /* ViewControllers */ = {
			isa = PBXGroup;
			children = (
				442B2E2429B7EED40058935F /* ViewController.swift */,
				5D8D3E4029B7136600E59D4D /* CreateAccountViewController.swift */,
				5D8D3E3F29B7136600E59D4D /* LoginViewController.swift */,
				446FC7A529D3FD0200CAD351 /* uploadWorkoutViewController.swift */,
			);
			path = ViewControllers;
			sourceTree = "<group>";
		};
		5D8D3E4629B7197100E59D4D /* Frameworks */ = {
			isa = PBXGroup;
			children = (
				784C3F8F24D47C90CB167453 /* Pods_WiCSE_Shadowing_Project.framework */,
				1957E9BD1933619057D287B8 /* Pods_WiCSE_Shadowing_Project_WiCSE_Shadowing_ProjectUITests.framework */,
				05414BC7AC922ABFC9812474 /* Pods_WiCSE_Shadowing_ProjectTests.framework */,
			);
			name = Frameworks;
			sourceTree = "<group>";
		};
		B381EE689D9D51646B6057F5 /* Pods */ = {
			isa = PBXGroup;
			children = (
				007421C8213AA64B0394134E /* Pods-WiCSE Shadowing Project.debug.xcconfig */,
				E8AAAD4856243595E0B20E91 /* Pods-WiCSE Shadowing Project.release.xcconfig */,
				6AFAD41B89BA21BA3BA68022 /* Pods-WiCSE Shadowing Project-WiCSE Shadowing ProjectUITests.debug.xcconfig */,
				B025DC91267F52157A545A43 /* Pods-WiCSE Shadowing Project-WiCSE Shadowing ProjectUITests.release.xcconfig */,
				21CB719A79A5BE995AC75958 /* Pods-WiCSE Shadowing ProjectTests.debug.xcconfig */,
				A59043FFD7C730FAAC136FAA /* Pods-WiCSE Shadowing ProjectTests.release.xcconfig */,
			);
			path = Pods;
			sourceTree = "<group>";
		};
/* End PBXGroup section */

/* Begin PBXNativeTarget section */
		5D8D3E0A29B712D800E59D4D /* WiCSE Shadowing Project */ = {
			isa = PBXNativeTarget;
			buildConfigurationList = 5D8D3E3529B712D900E59D4D /* Build configuration list for PBXNativeTarget "WiCSE Shadowing Project" */;
			buildPhases = (
				5FD451255FD7A4879A67BED4 /* [CP] Check Pods Manifest.lock */,
				5D8D3E0729B712D800E59D4D /* Sources */,
				5D8D3E0829B712D800E59D4D /* Frameworks */,
				5D8D3E0929B712D800E59D4D /* Resources */,
				03FB5C7A2BF1447FB22D6574 /* [CP] Embed Pods Frameworks */,
			);
			buildRules = (
			);
			dependencies = (
			);
			name = "WiCSE Shadowing Project";
			packageProductDependencies = (
				5D8D3E4729B7198500E59D4D /* FirebaseAuth */,
				5D8D3E4929B7198500E59D4D /* FirebaseAuthCombine-Community */,
				442B2E1E29B7E50D0058935F /* FirebaseFirestore */,
				442B2E2029B7E53E0058935F /* FirebaseFirestoreSwift */,
				441CA5B729D5A4F80034CA43 /* FirebaseDatabase */,
				441CA5B929D5A50F0034CA43 /* FirebaseDatabaseSwift */,
			);
			productName = "WiCSE Shadowing Project";
			productReference = 5D8D3E0B29B712D800E59D4D /* WiCSE Shadowing Project.app */;
			productType = "com.apple.product-type.application";
		};
		5D8D3E2029B712D900E59D4D /* WiCSE Shadowing ProjectTests */ = {
			isa = PBXNativeTarget;
			buildConfigurationList = 5D8D3E3829B712D900E59D4D /* Build configuration list for PBXNativeTarget "WiCSE Shadowing ProjectTests" */;
			buildPhases = (
				0CD507D1037195B38DD365B8 /* [CP] Check Pods Manifest.lock */,
				5D8D3E1D29B712D900E59D4D /* Sources */,
				5D8D3E1E29B712D900E59D4D /* Frameworks */,
				5D8D3E1F29B712D900E59D4D /* Resources */,
			);
			buildRules = (
			);
			dependencies = (
				5D8D3E2329B712D900E59D4D /* PBXTargetDependency */,
			);
			name = "WiCSE Shadowing ProjectTests";
			productName = "WiCSE Shadowing ProjectTests";
			productReference = 5D8D3E2129B712D900E59D4D /* WiCSE Shadowing ProjectTests.xctest */;
			productType = "com.apple.product-type.bundle.unit-test";
		};
		5D8D3E2A29B712D900E59D4D /* WiCSE Shadowing ProjectUITests */ = {
			isa = PBXNativeTarget;
			buildConfigurationList = 5D8D3E3B29B712D900E59D4D /* Build configuration list for PBXNativeTarget "WiCSE Shadowing ProjectUITests" */;
			buildPhases = (
				B7DC032FF59CBA6B51DDC218 /* [CP] Check Pods Manifest.lock */,
				5D8D3E2729B712D900E59D4D /* Sources */,
				5D8D3E2829B712D900E59D4D /* Frameworks */,
				5D8D3E2929B712D900E59D4D /* Resources */,
				2A0AC5214C68AC06F0633204 /* [CP] Embed Pods Frameworks */,
			);
			buildRules = (
			);
			dependencies = (
				5D8D3E2D29B712D900E59D4D /* PBXTargetDependency */,
			);
			name = "WiCSE Shadowing ProjectUITests";
			productName = "WiCSE Shadowing ProjectUITests";
			productReference = 5D8D3E2B29B712D900E59D4D /* WiCSE Shadowing ProjectUITests.xctest */;
			productType = "com.apple.product-type.bundle.ui-testing";
		};
/* End PBXNativeTarget section */

/* Begin PBXProject section */
		5D8D3E0329B712D800E59D4D /* Project object */ = {
			isa = PBXProject;
			attributes = {
				BuildIndependentTargetsInParallel = 1;
				LastSwiftUpdateCheck = 1420;
				LastUpgradeCheck = 1420;
				TargetAttributes = {
					5D8D3E0A29B712D800E59D4D = {
						CreatedOnToolsVersion = 14.2;
					};
					5D8D3E2029B712D900E59D4D = {
						CreatedOnToolsVersion = 14.2;
						TestTargetID = 5D8D3E0A29B712D800E59D4D;
					};
					5D8D3E2A29B712D900E59D4D = {
						CreatedOnToolsVersion = 14.2;
						TestTargetID = 5D8D3E0A29B712D800E59D4D;
					};
				};
			};
			buildConfigurationList = 5D8D3E0629B712D800E59D4D /* Build configuration list for PBXProject "WiCSE Shadowing Project" */;
			compatibilityVersion = "Xcode 14.0";
			developmentRegion = en;
			hasScannedForEncodings = 0;
			knownRegions = (
				en,
				Base,
			);
			mainGroup = 5D8D3E0229B712D800E59D4D;
			packageReferences = (
				5D8D3E4529B716AD00E59D4D /* XCRemoteSwiftPackageReference "firebase-ios-sdk" */,
			);
			productRefGroup = 5D8D3E0C29B712D800E59D4D /* Products */;
			projectDirPath = "";
			projectRoot = "";
			targets = (
				5D8D3E0A29B712D800E59D4D /* WiCSE Shadowing Project */,
				5D8D3E2029B712D900E59D4D /* WiCSE Shadowing ProjectTests */,
				5D8D3E2A29B712D900E59D4D /* WiCSE Shadowing ProjectUITests */,
			);
		};
/* End PBXProject section */

/* Begin PBXResourcesBuildPhase section */
		5D8D3E0929B712D800E59D4D /* Resources */ = {
			isa = PBXResourcesBuildPhase;
			buildActionMask = 2147483647;
			files = (
				5D8D3E1B29B712D900E59D4D /* LaunchScreen.storyboard in Resources */,
				5D8D3E4429B713BF00E59D4D /* GoogleService-Info.plist in Resources */,
				5D8D3E1829B712D900E59D4D /* Assets.xcassets in Resources */,
				5D8D3E1629B712D800E59D4D /* Main.storyboard in Resources */,
			);
			runOnlyForDeploymentPostprocessing = 0;
		};
		5D8D3E1F29B712D900E59D4D /* Resources */ = {
			isa = PBXResourcesBuildPhase;
			buildActionMask = 2147483647;
			files = (
			);
			runOnlyForDeploymentPostprocessing = 0;
		};
		5D8D3E2929B712D900E59D4D /* Resources */ = {
			isa = PBXResourcesBuildPhase;
			buildActionMask = 2147483647;
			files = (
			);
			runOnlyForDeploymentPostprocessing = 0;
		};
/* End PBXResourcesBuildPhase section */

/* Begin PBXShellScriptBuildPhase section */
		03FB5C7A2BF1447FB22D6574 /* [CP] Embed Pods Frameworks */ = {
			isa = PBXShellScriptBuildPhase;
			buildActionMask = 2147483647;
			files = (
			);
			inputFileListPaths = (
				"${PODS_ROOT}/Target Support Files/Pods-WiCSE Shadowing Project/Pods-WiCSE Shadowing Project-frameworks-${CONFIGURATION}-input-files.xcfilelist",
			);
			name = "[CP] Embed Pods Frameworks";
			outputFileListPaths = (
				"${PODS_ROOT}/Target Support Files/Pods-WiCSE Shadowing Project/Pods-WiCSE Shadowing Project-frameworks-${CONFIGURATION}-output-files.xcfilelist",
			);
			runOnlyForDeploymentPostprocessing = 0;
			shellPath = /bin/sh;
			shellScript = "\"${PODS_ROOT}/Target Support Files/Pods-WiCSE Shadowing Project/Pods-WiCSE Shadowing Project-frameworks.sh\"\n";
			showEnvVarsInLog = 0;
		};
		0CD507D1037195B38DD365B8 /* [CP] Check Pods Manifest.lock */ = {
			isa = PBXShellScriptBuildPhase;
			buildActionMask = 2147483647;
			files = (
			);
			inputFileListPaths = (
			);
			inputPaths = (
				"${PODS_PODFILE_DIR_PATH}/Podfile.lock",
				"${PODS_ROOT}/Manifest.lock",
			);
			name = "[CP] Check Pods Manifest.lock";
			outputFileListPaths = (
			);
			outputPaths = (
				"$(DERIVED_FILE_DIR)/Pods-WiCSE Shadowing ProjectTests-checkManifestLockResult.txt",
			);
			runOnlyForDeploymentPostprocessing = 0;
			shellPath = /bin/sh;
			shellScript = "diff \"${PODS_PODFILE_DIR_PATH}/Podfile.lock\" \"${PODS_ROOT}/Manifest.lock\" > /dev/null\nif [ $? != 0 ] ; then\n    # print error to STDERR\n    echo \"error: The sandbox is not in sync with the Podfile.lock. Run 'pod install' or update your CocoaPods installation.\" >&2\n    exit 1\nfi\n# This output is used by Xcode 'outputs' to avoid re-running this script phase.\necho \"SUCCESS\" > \"${SCRIPT_OUTPUT_FILE_0}\"\n";
			showEnvVarsInLog = 0;
		};
		2A0AC5214C68AC06F0633204 /* [CP] Embed Pods Frameworks */ = {
			isa = PBXShellScriptBuildPhase;
			buildActionMask = 2147483647;
			files = (
			);
			inputFileListPaths = (
				"${PODS_ROOT}/Target Support Files/Pods-WiCSE Shadowing Project-WiCSE Shadowing ProjectUITests/Pods-WiCSE Shadowing Project-WiCSE Shadowing ProjectUITests-frameworks-${CONFIGURATION}-input-files.xcfilelist",
			);
			name = "[CP] Embed Pods Frameworks";
			outputFileListPaths = (
				"${PODS_ROOT}/Target Support Files/Pods-WiCSE Shadowing Project-WiCSE Shadowing ProjectUITests/Pods-WiCSE Shadowing Project-WiCSE Shadowing ProjectUITests-frameworks-${CONFIGURATION}-output-files.xcfilelist",
			);
			runOnlyForDeploymentPostprocessing = 0;
			shellPath = /bin/sh;
			shellScript = "\"${PODS_ROOT}/Target Support Files/Pods-WiCSE Shadowing Project-WiCSE Shadowing ProjectUITests/Pods-WiCSE Shadowing Project-WiCSE Shadowing ProjectUITests-frameworks.sh\"\n";
			showEnvVarsInLog = 0;
		};
		5FD451255FD7A4879A67BED4 /* [CP] Check Pods Manifest.lock */ = {
			isa = PBXShellScriptBuildPhase;
			buildActionMask = 2147483647;
			files = (
			);
			inputFileListPaths = (
			);
			inputPaths = (
				"${PODS_PODFILE_DIR_PATH}/Podfile.lock",
				"${PODS_ROOT}/Manifest.lock",
			);
			name = "[CP] Check Pods Manifest.lock";
			outputFileListPaths = (
			);
			outputPaths = (
				"$(DERIVED_FILE_DIR)/Pods-WiCSE Shadowing Project-checkManifestLockResult.txt",
			);
			runOnlyForDeploymentPostprocessing = 0;
			shellPath = /bin/sh;
			shellScript = "diff \"${PODS_PODFILE_DIR_PATH}/Podfile.lock\" \"${PODS_ROOT}/Manifest.lock\" > /dev/null\nif [ $? != 0 ] ; then\n    # print error to STDERR\n    echo \"error: The sandbox is not in sync with the Podfile.lock. Run 'pod install' or update your CocoaPods installation.\" >&2\n    exit 1\nfi\n# This output is used by Xcode 'outputs' to avoid re-running this script phase.\necho \"SUCCESS\" > \"${SCRIPT_OUTPUT_FILE_0}\"\n";
			showEnvVarsInLog = 0;
		};
		B7DC032FF59CBA6B51DDC218 /* [CP] Check Pods Manifest.lock */ = {
			isa = PBXShellScriptBuildPhase;
			buildActionMask = 2147483647;
			files = (
			);
			inputFileListPaths = (
			);
			inputPaths = (
				"${PODS_PODFILE_DIR_PATH}/Podfile.lock",
				"${PODS_ROOT}/Manifest.lock",
			);
			name = "[CP] Check Pods Manifest.lock";
			outputFileListPaths = (
			);
			outputPaths = (
				"$(DERIVED_FILE_DIR)/Pods-WiCSE Shadowing Project-WiCSE Shadowing ProjectUITests-checkManifestLockResult.txt",
			);
			runOnlyForDeploymentPostprocessing = 0;
			shellPath = /bin/sh;
			shellScript = "diff \"${PODS_PODFILE_DIR_PATH}/Podfile.lock\" \"${PODS_ROOT}/Manifest.lock\" > /dev/null\nif [ $? != 0 ] ; then\n    # print error to STDERR\n    echo \"error: The sandbox is not in sync with the Podfile.lock. Run 'pod install' or update your CocoaPods installation.\" >&2\n    exit 1\nfi\n# This output is used by Xcode 'outputs' to avoid re-running this script phase.\necho \"SUCCESS\" > \"${SCRIPT_OUTPUT_FILE_0}\"\n";
			showEnvVarsInLog = 0;
		};
/* End PBXShellScriptBuildPhase section */

/* Begin PBXSourcesBuildPhase section */
		5D8D3E0729B712D800E59D4D /* Sources */ = {
			isa = PBXSourcesBuildPhase;
			buildActionMask = 2147483647;
			files = (
				442B2E2529B7EED40058935F /* ViewController.swift in Sources */,
				446FC7A629D3FD0200CAD351 /* uploadWorkoutViewController.swift in Sources */,
				5D8D3E4229B7136600E59D4D /* CreateAccountViewController.swift in Sources */,
				5D8D3E4129B7136600E59D4D /* LoginViewController.swift in Sources */,
				5D8D3E0F29B712D800E59D4D /* AppDelegate.swift in Sources */,
				5D8D3E1129B712D800E59D4D /* SceneDelegate.swift in Sources */,
			);
			runOnlyForDeploymentPostprocessing = 0;
		};
		5D8D3E1D29B712D900E59D4D /* Sources */ = {
			isa = PBXSourcesBuildPhase;
			buildActionMask = 2147483647;
			files = (
				5D8D3E2629B712D900E59D4D /* WiCSE_Shadowing_ProjectTests.swift in Sources */,
			);
			runOnlyForDeploymentPostprocessing = 0;
		};
		5D8D3E2729B712D900E59D4D /* Sources */ = {
			isa = PBXSourcesBuildPhase;
			buildActionMask = 2147483647;
			files = (
				5D8D3E3029B712D900E59D4D /* WiCSE_Shadowing_ProjectUITests.swift in Sources */,
				5D8D3E3229B712D900E59D4D /* WiCSE_Shadowing_ProjectUITestsLaunchTests.swift in Sources */,
			);
			runOnlyForDeploymentPostprocessing = 0;
		};
/* End PBXSourcesBuildPhase section */

/* Begin PBXTargetDependency section */
		5D8D3E2329B712D900E59D4D /* PBXTargetDependency */ = {
			isa = PBXTargetDependency;
			target = 5D8D3E0A29B712D800E59D4D /* WiCSE Shadowing Project */;
			targetProxy = 5D8D3E2229B712D900E59D4D /* PBXContainerItemProxy */;
		};
		5D8D3E2D29B712D900E59D4D /* PBXTargetDependency */ = {
			isa = PBXTargetDependency;
			target = 5D8D3E0A29B712D800E59D4D /* WiCSE Shadowing Project */;
			targetProxy = 5D8D3E2C29B712D900E59D4D /* PBXContainerItemProxy */;
		};
/* End PBXTargetDependency section */

/* Begin PBXVariantGroup section */
		5D8D3E1429B712D800E59D4D /* Main.storyboard */ = {
			isa = PBXVariantGroup;
			children = (
				5D8D3E1529B712D800E59D4D /* Base */,
			);
			name = Main.storyboard;
			sourceTree = "<group>";
		};
		5D8D3E1929B712D900E59D4D /* LaunchScreen.storyboard */ = {
			isa = PBXVariantGroup;
			children = (
				5D8D3E1A29B712D900E59D4D /* Base */,
			);
			name = LaunchScreen.storyboard;
			sourceTree = "<group>";
		};
/* End PBXVariantGroup section */

/* Begin XCBuildConfiguration section */
		5D8D3E3329B712D900E59D4D /* Debug */ = {
			isa = XCBuildConfiguration;
			buildSettings = {
				ALWAYS_SEARCH_USER_PATHS = NO;
				CLANG_ANALYZER_NONNULL = YES;
				CLANG_ANALYZER_NUMBER_OBJECT_CONVERSION = YES_AGGRESSIVE;
				CLANG_CXX_LANGUAGE_STANDARD = "gnu++20";
				CLANG_ENABLE_MODULES = YES;
				CLANG_ENABLE_OBJC_ARC = YES;
				CLANG_ENABLE_OBJC_WEAK = YES;
				CLANG_WARN_BLOCK_CAPTURE_AUTORELEASING = YES;
				CLANG_WARN_BOOL_CONVERSION = YES;
				CLANG_WARN_COMMA = YES;
				CLANG_WARN_CONSTANT_CONVERSION = YES;
				CLANG_WARN_DEPRECATED_OBJC_IMPLEMENTATIONS = YES;
				CLANG_WARN_DIRECT_OBJC_ISA_USAGE = YES_ERROR;
				CLANG_WARN_DOCUMENTATION_COMMENTS = YES;
				CLANG_WARN_EMPTY_BODY = YES;
				CLANG_WARN_ENUM_CONVERSION = YES;
				CLANG_WARN_INFINITE_RECURSION = YES;
				CLANG_WARN_INT_CONVERSION = YES;
				CLANG_WARN_NON_LITERAL_NULL_CONVERSION = YES;
				CLANG_WARN_OBJC_IMPLICIT_RETAIN_SELF = YES;
				CLANG_WARN_OBJC_LITERAL_CONVERSION = YES;
				CLANG_WARN_OBJC_ROOT_CLASS = YES_ERROR;
				CLANG_WARN_QUOTED_INCLUDE_IN_FRAMEWORK_HEADER = YES;
				CLANG_WARN_RANGE_LOOP_ANALYSIS = YES;
				CLANG_WARN_STRICT_PROTOTYPES = YES;
				CLANG_WARN_SUSPICIOUS_MOVE = YES;
				CLANG_WARN_UNGUARDED_AVAILABILITY = YES_AGGRESSIVE;
				CLANG_WARN_UNREACHABLE_CODE = YES;
				CLANG_WARN__DUPLICATE_METHOD_MATCH = YES;
				COPY_PHASE_STRIP = NO;
				DEBUG_INFORMATION_FORMAT = dwarf;
				ENABLE_STRICT_OBJC_MSGSEND = YES;
				ENABLE_TESTABILITY = YES;
				GCC_C_LANGUAGE_STANDARD = gnu11;
				GCC_DYNAMIC_NO_PIC = NO;
				GCC_NO_COMMON_BLOCKS = YES;
				GCC_OPTIMIZATION_LEVEL = 0;
				GCC_PREPROCESSOR_DEFINITIONS = (
					"DEBUG=1",
					"$(inherited)",
				);
				GCC_WARN_64_TO_32_BIT_CONVERSION = YES;
				GCC_WARN_ABOUT_RETURN_TYPE = YES_ERROR;
				GCC_WARN_UNDECLARED_SELECTOR = YES;
				GCC_WARN_UNINITIALIZED_AUTOS = YES_AGGRESSIVE;
				GCC_WARN_UNUSED_FUNCTION = YES;
				GCC_WARN_UNUSED_VARIABLE = YES;
				IPHONEOS_DEPLOYMENT_TARGET = 16.2;
				MTL_ENABLE_DEBUG_INFO = INCLUDE_SOURCE;
				MTL_FAST_MATH = YES;
				ONLY_ACTIVE_ARCH = YES;
				SDKROOT = iphoneos;
				SWIFT_ACTIVE_COMPILATION_CONDITIONS = DEBUG;
				SWIFT_OPTIMIZATION_LEVEL = "-Onone";
			};
			name = Debug;
		};
		5D8D3E3429B712D900E59D4D /* Release */ = {
			isa = XCBuildConfiguration;
			buildSettings = {
				ALWAYS_SEARCH_USER_PATHS = NO;
				CLANG_ANALYZER_NONNULL = YES;
				CLANG_ANALYZER_NUMBER_OBJECT_CONVERSION = YES_AGGRESSIVE;
				CLANG_CXX_LANGUAGE_STANDARD = "gnu++20";
				CLANG_ENABLE_MODULES = YES;
				CLANG_ENABLE_OBJC_ARC = YES;
				CLANG_ENABLE_OBJC_WEAK = YES;
				CLANG_WARN_BLOCK_CAPTURE_AUTORELEASING = YES;
				CLANG_WARN_BOOL_CONVERSION = YES;
				CLANG_WARN_COMMA = YES;
				CLANG_WARN_CONSTANT_CONVERSION = YES;
				CLANG_WARN_DEPRECATED_OBJC_IMPLEMENTATIONS = YES;
				CLANG_WARN_DIRECT_OBJC_ISA_USAGE = YES_ERROR;
				CLANG_WARN_DOCUMENTATION_COMMENTS = YES;
				CLANG_WARN_EMPTY_BODY = YES;
				CLANG_WARN_ENUM_CONVERSION = YES;
				CLANG_WARN_INFINITE_RECURSION = YES;
				CLANG_WARN_INT_CONVERSION = YES;
				CLANG_WARN_NON_LITERAL_NULL_CONVERSION = YES;
				CLANG_WARN_OBJC_IMPLICIT_RETAIN_SELF = YES;
				CLANG_WARN_OBJC_LITERAL_CONVERSION = YES;
				CLANG_WARN_OBJC_ROOT_CLASS = YES_ERROR;
				CLANG_WARN_QUOTED_INCLUDE_IN_FRAMEWORK_HEADER = YES;
				CLANG_WARN_RANGE_LOOP_ANALYSIS = YES;
				CLANG_WARN_STRICT_PROTOTYPES = YES;
				CLANG_WARN_SUSPICIOUS_MOVE = YES;
				CLANG_WARN_UNGUARDED_AVAILABILITY = YES_AGGRESSIVE;
				CLANG_WARN_UNREACHABLE_CODE = YES;
				CLANG_WARN__DUPLICATE_METHOD_MATCH = YES;
				COPY_PHASE_STRIP = NO;
				DEBUG_INFORMATION_FORMAT = "dwarf-with-dsym";
				ENABLE_NS_ASSERTIONS = NO;
				ENABLE_STRICT_OBJC_MSGSEND = YES;
				GCC_C_LANGUAGE_STANDARD = gnu11;
				GCC_NO_COMMON_BLOCKS = YES;
				GCC_WARN_64_TO_32_BIT_CONVERSION = YES;
				GCC_WARN_ABOUT_RETURN_TYPE = YES_ERROR;
				GCC_WARN_UNDECLARED_SELECTOR = YES;
				GCC_WARN_UNINITIALIZED_AUTOS = YES_AGGRESSIVE;
				GCC_WARN_UNUSED_FUNCTION = YES;
				GCC_WARN_UNUSED_VARIABLE = YES;
				IPHONEOS_DEPLOYMENT_TARGET = 16.2;
				MTL_ENABLE_DEBUG_INFO = NO;
				MTL_FAST_MATH = YES;
				SDKROOT = iphoneos;
				SWIFT_COMPILATION_MODE = wholemodule;
				SWIFT_OPTIMIZATION_LEVEL = "-O";
				VALIDATE_PRODUCT = YES;
			};
			name = Release;
		};
		5D8D3E3629B712D900E59D4D /* Debug */ = {
			isa = XCBuildConfiguration;
			baseConfigurationReference = 007421C8213AA64B0394134E /* Pods-WiCSE Shadowing Project.debug.xcconfig */;
			buildSettings = {
				ASSETCATALOG_COMPILER_APPICON_NAME = AppIcon;
				ASSETCATALOG_COMPILER_GLOBAL_ACCENT_COLOR_NAME = AccentColor;
				CODE_SIGN_STYLE = Automatic;
				CURRENT_PROJECT_VERSION = 1;
				GENERATE_INFOPLIST_FILE = YES;
				INFOPLIST_FILE = "WiCSE Shadowing Project/Info.plist";
				INFOPLIST_KEY_UIApplicationSupportsIndirectInputEvents = YES;
				INFOPLIST_KEY_UILaunchStoryboardName = LaunchScreen;
				INFOPLIST_KEY_UIMainStoryboardFile = Main;
				INFOPLIST_KEY_UISupportedInterfaceOrientations_iPad = "UIInterfaceOrientationPortrait UIInterfaceOrientationPortraitUpsideDown UIInterfaceOrientationLandscapeLeft UIInterfaceOrientationLandscapeRight";
				INFOPLIST_KEY_UISupportedInterfaceOrientations_iPhone = "UIInterfaceOrientationPortrait UIInterfaceOrientationLandscapeLeft UIInterfaceOrientationLandscapeRight";
				LD_RUNPATH_SEARCH_PATHS = (
					"$(inherited)",
					"@executable_path/Frameworks",
				);
				MARKETING_VERSION = 1.0;
				PRODUCT_BUNDLE_IDENTIFIER = "com.quranlingo.app.WiCSE-Shadowing-Project";
				PRODUCT_NAME = "$(TARGET_NAME)";
				SWIFT_EMIT_LOC_STRINGS = YES;
				SWIFT_VERSION = 5.0;
				TARGETED_DEVICE_FAMILY = "1,2";
			};
			name = Debug;
		};
		5D8D3E3729B712D900E59D4D /* Release */ = {
			isa = XCBuildConfiguration;
			baseConfigurationReference = E8AAAD4856243595E0B20E91 /* Pods-WiCSE Shadowing Project.release.xcconfig */;
			buildSettings = {
				ASSETCATALOG_COMPILER_APPICON_NAME = AppIcon;
				ASSETCATALOG_COMPILER_GLOBAL_ACCENT_COLOR_NAME = AccentColor;
				CODE_SIGN_STYLE = Automatic;
				CURRENT_PROJECT_VERSION = 1;
				GENERATE_INFOPLIST_FILE = YES;
				INFOPLIST_FILE = "WiCSE Shadowing Project/Info.plist";
				INFOPLIST_KEY_UIApplicationSupportsIndirectInputEvents = YES;
				INFOPLIST_KEY_UILaunchStoryboardName = LaunchScreen;
				INFOPLIST_KEY_UIMainStoryboardFile = Main;
				INFOPLIST_KEY_UISupportedInterfaceOrientations_iPad = "UIInterfaceOrientationPortrait UIInterfaceOrientationPortraitUpsideDown UIInterfaceOrientationLandscapeLeft UIInterfaceOrientationLandscapeRight";
				INFOPLIST_KEY_UISupportedInterfaceOrientations_iPhone = "UIInterfaceOrientationPortrait UIInterfaceOrientationLandscapeLeft UIInterfaceOrientationLandscapeRight";
				LD_RUNPATH_SEARCH_PATHS = (
					"$(inherited)",
					"@executable_path/Frameworks",
				);
				MARKETING_VERSION = 1.0;
				PRODUCT_BUNDLE_IDENTIFIER = "com.quranlingo.app.WiCSE-Shadowing-Project";
				PRODUCT_NAME = "$(TARGET_NAME)";
				SWIFT_EMIT_LOC_STRINGS = YES;
				SWIFT_VERSION = 5.0;
				TARGETED_DEVICE_FAMILY = "1,2";
			};
			name = Release;
		};
		5D8D3E3929B712D900E59D4D /* Debug */ = {
			isa = XCBuildConfiguration;
			baseConfigurationReference = 21CB719A79A5BE995AC75958 /* Pods-WiCSE Shadowing ProjectTests.debug.xcconfig */;
			buildSettings = {
				ALWAYS_EMBED_SWIFT_STANDARD_LIBRARIES = YES;
				BUNDLE_LOADER = "$(TEST_HOST)";
				CODE_SIGN_STYLE = Automatic;
				CURRENT_PROJECT_VERSION = 1;
				GENERATE_INFOPLIST_FILE = YES;
				IPHONEOS_DEPLOYMENT_TARGET = 16.2;
				MARKETING_VERSION = 1.0;
				PRODUCT_BUNDLE_IDENTIFIER = "com.quranlingo.app.WiCSE-Shadowing-ProjectTests";
				PRODUCT_NAME = "$(TARGET_NAME)";
				SWIFT_EMIT_LOC_STRINGS = NO;
				SWIFT_VERSION = 5.0;
				TARGETED_DEVICE_FAMILY = "1,2";
				TEST_HOST = "$(BUILT_PRODUCTS_DIR)/WiCSE Shadowing Project.app/$(BUNDLE_EXECUTABLE_FOLDER_PATH)/WiCSE Shadowing Project";
			};
			name = Debug;
		};
		5D8D3E3A29B712D900E59D4D /* Release */ = {
			isa = XCBuildConfiguration;
			baseConfigurationReference = A59043FFD7C730FAAC136FAA /* Pods-WiCSE Shadowing ProjectTests.release.xcconfig */;
			buildSettings = {
				ALWAYS_EMBED_SWIFT_STANDARD_LIBRARIES = YES;
				BUNDLE_LOADER = "$(TEST_HOST)";
				CODE_SIGN_STYLE = Automatic;
				CURRENT_PROJECT_VERSION = 1;
				GENERATE_INFOPLIST_FILE = YES;
				IPHONEOS_DEPLOYMENT_TARGET = 16.2;
				MARKETING_VERSION = 1.0;
				PRODUCT_BUNDLE_IDENTIFIER = "com.quranlingo.app.WiCSE-Shadowing-ProjectTests";
				PRODUCT_NAME = "$(TARGET_NAME)";
				SWIFT_EMIT_LOC_STRINGS = NO;
				SWIFT_VERSION = 5.0;
				TARGETED_DEVICE_FAMILY = "1,2";
				TEST_HOST = "$(BUILT_PRODUCTS_DIR)/WiCSE Shadowing Project.app/$(BUNDLE_EXECUTABLE_FOLDER_PATH)/WiCSE Shadowing Project";
			};
			name = Release;
		};
		5D8D3E3C29B712D900E59D4D /* Debug */ = {
			isa = XCBuildConfiguration;
			baseConfigurationReference = 6AFAD41B89BA21BA3BA68022 /* Pods-WiCSE Shadowing Project-WiCSE Shadowing ProjectUITests.debug.xcconfig */;
			buildSettings = {
				ALWAYS_EMBED_SWIFT_STANDARD_LIBRARIES = YES;
				CODE_SIGN_STYLE = Automatic;
				CURRENT_PROJECT_VERSION = 1;
				GENERATE_INFOPLIST_FILE = YES;
				MARKETING_VERSION = 1.0;
				PRODUCT_BUNDLE_IDENTIFIER = "com.quranlingo.app.WiCSE-Shadowing-ProjectUITests";
				PRODUCT_NAME = "$(TARGET_NAME)";
				SWIFT_EMIT_LOC_STRINGS = NO;
				SWIFT_VERSION = 5.0;
				TARGETED_DEVICE_FAMILY = "1,2";
				TEST_TARGET_NAME = "WiCSE Shadowing Project";
			};
			name = Debug;
		};
		5D8D3E3D29B712D900E59D4D /* Release */ = {
			isa = XCBuildConfiguration;
			baseConfigurationReference = B025DC91267F52157A545A43 /* Pods-WiCSE Shadowing Project-WiCSE Shadowing ProjectUITests.release.xcconfig */;
			buildSettings = {
				ALWAYS_EMBED_SWIFT_STANDARD_LIBRARIES = YES;
				CODE_SIGN_STYLE = Automatic;
				CURRENT_PROJECT_VERSION = 1;
				GENERATE_INFOPLIST_FILE = YES;
				MARKETING_VERSION = 1.0;
				PRODUCT_BUNDLE_IDENTIFIER = "com.quranlingo.app.WiCSE-Shadowing-ProjectUITests";
				PRODUCT_NAME = "$(TARGET_NAME)";
				SWIFT_EMIT_LOC_STRINGS = NO;
				SWIFT_VERSION = 5.0;
				TARGETED_DEVICE_FAMILY = "1,2";
				TEST_TARGET_NAME = "WiCSE Shadowing Project";
			};
			name = Release;
		};
/* End XCBuildConfiguration section */

/* Begin XCConfigurationList section */
		5D8D3E0629B712D800E59D4D /* Build configuration list for PBXProject "WiCSE Shadowing Project" */ = {
			isa = XCConfigurationList;
			buildConfigurations = (
				5D8D3E3329B712D900E59D4D /* Debug */,
				5D8D3E3429B712D900E59D4D /* Release */,
			);
			defaultConfigurationIsVisible = 0;
			defaultConfigurationName = Release;
		};
		5D8D3E3529B712D900E59D4D /* Build configuration list for PBXNativeTarget "WiCSE Shadowing Project" */ = {
			isa = XCConfigurationList;
			buildConfigurations = (
				5D8D3E3629B712D900E59D4D /* Debug */,
				5D8D3E3729B712D900E59D4D /* Release */,
			);
			defaultConfigurationIsVisible = 0;
			defaultConfigurationName = Release;
		};
		5D8D3E3829B712D900E59D4D /* Build configuration list for PBXNativeTarget "WiCSE Shadowing ProjectTests" */ = {
			isa = XCConfigurationList;
			buildConfigurations = (
				5D8D3E3929B712D900E59D4D /* Debug */,
				5D8D3E3A29B712D900E59D4D /* Release */,
			);
			defaultConfigurationIsVisible = 0;
			defaultConfigurationName = Release;
		};
		5D8D3E3B29B712D900E59D4D /* Build configuration list for PBXNativeTarget "WiCSE Shadowing ProjectUITests" */ = {
			isa = XCConfigurationList;
			buildConfigurations = (
				5D8D3E3C29B712D900E59D4D /* Debug */,
				5D8D3E3D29B712D900E59D4D /* Release */,
			);
			defaultConfigurationIsVisible = 0;
			defaultConfigurationName = Release;
		};
/* End XCConfigurationList section */

/* Begin XCRemoteSwiftPackageReference section */
		5D8D3E4529B716AD00E59D4D /* XCRemoteSwiftPackageReference "firebase-ios-sdk" */ = {
			isa = XCRemoteSwiftPackageReference;
			repositoryURL = "https://github.com/firebase/firebase-ios-sdk";
			requirement = {
				kind = upToNextMajorVersion;
				minimumVersion = 9.0.0;
			};
		};
/* End XCRemoteSwiftPackageReference section */

/* Begin XCSwiftPackageProductDependency section */
		441CA5B729D5A4F80034CA43 /* FirebaseDatabase */ = {
			isa = XCSwiftPackageProductDependency;
			package = 5D8D3E4529B716AD00E59D4D /* XCRemoteSwiftPackageReference "firebase-ios-sdk" */;
			productName = FirebaseDatabase;
		};
		441CA5B929D5A50F0034CA43 /* FirebaseDatabaseSwift */ = {
			isa = XCSwiftPackageProductDependency;
			package = 5D8D3E4529B716AD00E59D4D /* XCRemoteSwiftPackageReference "firebase-ios-sdk" */;
			productName = FirebaseDatabaseSwift;
		};
		442B2E1E29B7E50D0058935F /* FirebaseFirestore */ = {
			isa = XCSwiftPackageProductDependency;
			package = 5D8D3E4529B716AD00E59D4D /* XCRemoteSwiftPackageReference "firebase-ios-sdk" */;
			productName = FirebaseFirestore;
		};
		442B2E2029B7E53E0058935F /* FirebaseFirestoreSwift */ = {
			isa = XCSwiftPackageProductDependency;
			package = 5D8D3E4529B716AD00E59D4D /* XCRemoteSwiftPackageReference "firebase-ios-sdk" */;
			productName = FirebaseFirestoreSwift;
		};
		5D8D3E4729B7198500E59D4D /* FirebaseAuth */ = {
			isa = XCSwiftPackageProductDependency;
			package = 5D8D3E4529B716AD00E59D4D /* XCRemoteSwiftPackageReference "firebase-ios-sdk" */;
			productName = FirebaseAuth;
		};
		5D8D3E4929B7198500E59D4D /* FirebaseAuthCombine-Community */ = {
			isa = XCSwiftPackageProductDependency;
			package = 5D8D3E4529B716AD00E59D4D /* XCRemoteSwiftPackageReference "firebase-ios-sdk" */;
			productName = "FirebaseAuthCombine-Community";
		};
/* End XCSwiftPackageProductDependency section */
	};
	rootObject = 5D8D3E0329B712D800E59D4D /* Project object */;
}
